{
  "nodes": {
    "nixpkgs": {
      "locked": {
        "lastModified": 1732981179,
        "narHash": "sha256-F7thesZPvAMSwjRu0K8uFshTk3ZZSNAsXTIFvXBT+34=",
        "owner": "nixos",
        "repo": "nixpkgs",
        "rev": "62c435d93bf046a5396f3016472e8f7c8e2aed65",
        "type": "github"
      },
      "original": {
        "owner": "nixos",
        "ref": "nixos-24.11",
        "repo": "nixpkgs",
        "type": "github"
      }
    },
    "root": {
      "inputs": {
        "nixpkgs": "nixpkgs",
        "utils": "utils",
        "yarnpnp2nix": "yarnpnp2nix"
      }
    },
    "systems": {
      "locked": {
        "lastModified": 1681028828,
        "narHash": "sha256-Vy1rq5AaRuLzOxct8nz4T6wlgyUR7zLU309k9mBC768=",
        "owner": "nix-systems",
        "repo": "default",
        "rev": "da67096a3b9bf56a91d16901293e51ba5b49a27e",
        "type": "github"
      },
      "original": {
        "owner": "nix-systems",
        "repo": "default",
        "type": "github"
      }
    },
    "utils": {
      "inputs": {
        "systems": "systems"
      },
      "locked": {
        "lastModified": 1726560853,
        "narHash": "sha256-X6rJYSESBVr3hBoH0WbKE5KvhPU5bloyZ2L4K60/fPQ=",
        "owner": "numtide",
        "repo": "flake-utils",
        "rev": "c1dfcf08411b08f6b8615f7d8971a2bfa81d5e8a",
        "type": "github"
      },
      "original": {
        "owner": "numtide",
        "repo": "flake-utils",
        "type": "github"
      }
    },
    "yarnpnp2nix": {
      "inputs": {
        "nixpkgs": [
          "nixpkgs"
        ],
        "utils": [
          "utils"
        ]
      },
      "locked": {
        "lastModified": 1721987062,
        "narHash": "sha256-B7CBqAGl4R6EJWuAm9pEal6WUD0d+14V843KSEk/LmI=",
        "owner": "madjam002",
        "repo": "yarnpnp2nix",
        "rev": "d74bd68c87b75b7a49adb0e2a1298e1f856c52e3",
        "type": "github"
      },
      "original": {
        "owner": "madjam002",
        "repo": "yarnpnp2nix",
        "type": "github"
      }
    }
  },
  "root": "root",
  "version": 7
}
